# This file is automatically @generated by Poetry 1.8.3 and should not be changed by hand.

[[package]]
name = "ruckig"
version = "0.14.0"
description = "Instantaneous Motion Generation for Robots and Machines."
optional = false
python-versions = ">=3.7"
files = [
    {file = "ruckig-0.14.0.tar.gz", hash = "sha256:6ecedd7207db0dc0d632d825525090c0544fcef6af19656accf226eb508e0e81"},
]

[metadata]
lock-version = "2.0"
python-versions = "^3.11"
content-hash = "a985fb9ab834b29510b01a0cc92550c192ad0b99b1987144877fecb4efbbc918"
